// !$*UTF8*$!
{
	archiveVersion = 1;
	classes = {
	};
	objectVersion = 56;
	objects = {

/* Begin PBXBuildFile section */
		2A4FDE7D2BF22B7F004826F2 /* AppDelegate.swift in Sources */ = {isa = PBXBuildFile; fileRef = 2A4FDE7C2BF22B7F004826F2 /* AppDelegate.swift */; };
		2A4FDE7F2BF22B7F004826F2 /* SceneDelegate.swift in Sources */ = {isa = PBXBuildFile; fileRef = 2A4FDE7E2BF22B7F004826F2 /* SceneDelegate.swift */; };
		2A4FDE812BF22B7F004826F2 /* ViewController.swift in Sources */ = {isa = PBXBuildFile; fileRef = 2A4FDE802BF22B7F004826F2 /* ViewController.swift */; };
		2A4FDE862BF22B82004826F2 /* Assets.xcassets in Resources */ = {isa = PBXBuildFile; fileRef = 2A4FDE852BF22B82004826F2 /* Assets.xcassets */; };
		2A4FDE892BF22B82004826F2 /* LaunchScreen.storyboard in Resources */ = {isa = PBXBuildFile; fileRef = 2A4FDE872BF22B82004826F2 /* LaunchScreen.storyboard */; };
		2A4FDE982BF22E4E004826F2 /* BookieTextField.swift in Sources */ = {isa = PBXBuildFile; fileRef = 2A4FDE972BF22E4E004826F2 /* BookieTextField.swift */; };
		2A4FDE9A2BF2304A004826F2 /* BookieButton.swift in Sources */ = {isa = PBXBuildFile; fileRef = 2A4FDE992BF2304A004826F2 /* BookieButton.swift */; };
		2A5D7AF32C04B20A0048FB7B /* UIColorExtension.swift in Sources */ = {isa = PBXBuildFile; fileRef = 2A5D7AF22C04B20A0048FB7B /* UIColorExtension.swift */; };
		2A5D7AF52C04B2630048FB7B /* Constants.swift in Sources */ = {isa = PBXBuildFile; fileRef = 2A5D7AF42C04B2630048FB7B /* Constants.swift */; };
		2A5D7AFC2C04B5BB0048FB7B /* BookieTitleLabel.swift in Sources */ = {isa = PBXBuildFile; fileRef = 2A5D7AFB2C04B5BB0048FB7B /* BookieTitleLabel.swift */; };
		2A5D7B012C04BCAF0048FB7B /* BookieImageView.swift in Sources */ = {isa = PBXBuildFile; fileRef = 2A5D7B002C04BCAF0048FB7B /* BookieImageView.swift */; };
		2ADF27C02C05D01F000AE681 /* HomeViewController.swift in Sources */ = {isa = PBXBuildFile; fileRef = 2ADF27BF2C05D01F000AE681 /* HomeViewController.swift */; };
		2ADF27C22C05D03F000AE681 /* AccountViewController.swift in Sources */ = {isa = PBXBuildFile; fileRef = 2ADF27C12C05D03F000AE681 /* AccountViewController.swift */; };
		2ADF27C42C05F05F000AE681 /* BookieBackgroundView.swift in Sources */ = {isa = PBXBuildFile; fileRef = 2ADF27C32C05F05F000AE681 /* BookieBackgroundView.swift */; };
		2ADF27C62C060137000AE681 /* ManagementSectionView.swift in Sources */ = {isa = PBXBuildFile; fileRef = 2ADF27C52C060137000AE681 /* ManagementSectionView.swift */; };
/* End PBXBuildFile section */

/* Begin PBXFileReference section */
		2A4FDE792BF22B7F004826F2 /* Bookie.app */ = {isa = PBXFileReference; explicitFileType = wrapper.application; includeInIndex = 0; path = Bookie.app; sourceTree = BUILT_PRODUCTS_DIR; };
		2A4FDE7C2BF22B7F004826F2 /* AppDelegate.swift */ = {isa = PBXFileReference; lastKnownFileType = sourcecode.swift; path = AppDelegate.swift; sourceTree = "<group>"; };
		2A4FDE7E2BF22B7F004826F2 /* SceneDelegate.swift */ = {isa = PBXFileReference; lastKnownFileType = sourcecode.swift; path = SceneDelegate.swift; sourceTree = "<group>"; };
		2A4FDE802BF22B7F004826F2 /* ViewController.swift */ = {isa = PBXFileReference; lastKnownFileType = sourcecode.swift; path = ViewController.swift; sourceTree = "<group>"; };
		2A4FDE852BF22B82004826F2 /* Assets.xcassets */ = {isa = PBXFileReference; lastKnownFileType = folder.assetcatalog; path = Assets.xcassets; sourceTree = "<group>"; };
		2A4FDE882BF22B82004826F2 /* Base */ = {isa = PBXFileReference; lastKnownFileType = file.storyboard; name = Base; path = Base.lproj/LaunchScreen.storyboard; sourceTree = "<group>"; };
		2A4FDE8A2BF22B82004826F2 /* Info.plist */ = {isa = PBXFileReference; lastKnownFileType = text.plist.xml; path = Info.plist; sourceTree = "<group>"; };
		2A4FDE972BF22E4E004826F2 /* BookieTextField.swift */ = {isa = PBXFileReference; lastKnownFileType = sourcecode.swift; path = BookieTextField.swift; sourceTree = "<group>"; };
		2A4FDE992BF2304A004826F2 /* BookieButton.swift */ = {isa = PBXFileReference; lastKnownFileType = sourcecode.swift; path = BookieButton.swift; sourceTree = "<group>"; };
		2A5D7AF22C04B20A0048FB7B /* UIColorExtension.swift */ = {isa = PBXFileReference; lastKnownFileType = sourcecode.swift; path = UIColorExtension.swift; sourceTree = "<group>"; };
		2A5D7AF42C04B2630048FB7B /* Constants.swift */ = {isa = PBXFileReference; lastKnownFileType = sourcecode.swift; path = Constants.swift; sourceTree = "<group>"; };
		2A5D7AFB2C04B5BB0048FB7B /* BookieTitleLabel.swift */ = {isa = PBXFileReference; lastKnownFileType = sourcecode.swift; path = BookieTitleLabel.swift; sourceTree = "<group>"; };
		2A5D7B002C04BCAF0048FB7B /* BookieImageView.swift */ = {isa = PBXFileReference; lastKnownFileType = sourcecode.swift; path = BookieImageView.swift; sourceTree = "<group>"; };
		2ADF27BF2C05D01F000AE681 /* HomeViewController.swift */ = {isa = PBXFileReference; lastKnownFileType = sourcecode.swift; path = HomeViewController.swift; sourceTree = "<group>"; };
		2ADF27C12C05D03F000AE681 /* AccountViewController.swift */ = {isa = PBXFileReference; lastKnownFileType = sourcecode.swift; path = AccountViewController.swift; sourceTree = "<group>"; };
		2ADF27C32C05F05F000AE681 /* BookieBackgroundView.swift */ = {isa = PBXFileReference; lastKnownFileType = sourcecode.swift; path = BookieBackgroundView.swift; sourceTree = "<group>"; };
		2ADF27C52C060137000AE681 /* ManagementSectionView.swift */ = {isa = PBXFileReference; lastKnownFileType = sourcecode.swift; path = ManagementSectionView.swift; sourceTree = "<group>"; };
/* End PBXFileReference section */

/* Begin PBXFrameworksBuildPhase section */
		2A4FDE762BF22B7F004826F2 /* Frameworks */ = {
			isa = PBXFrameworksBuildPhase;
			buildActionMask = 2147483647;
			files = (
			);
			runOnlyForDeploymentPostprocessing = 0;
		};
/* End PBXFrameworksBuildPhase section */

/* Begin PBXGroup section */
		2A4FDE702BF22B7F004826F2 = {
			isa = PBXGroup;
			children = (
				2A4FDE7B2BF22B7F004826F2 /* Bookie */,
				2A4FDE7A2BF22B7F004826F2 /* Products */,
			);
			sourceTree = "<group>";
		};
		2A4FDE7A2BF22B7F004826F2 /* Products */ = {
			isa = PBXGroup;
			children = (
				2A4FDE792BF22B7F004826F2 /* Bookie.app */,
			);
			name = Products;
			sourceTree = "<group>";
		};
		2A4FDE7B2BF22B7F004826F2 /* Bookie */ = {
			isa = PBXGroup;
			children = (
				2A4FDE962BF22D79004826F2 /* Utilities */,
				2A4FDE952BF22D64004826F2 /* Support Files */,
				2A4FDE942BF22D53004826F2 /* Screens */,
				2A4FDE932BF22D48004826F2 /* Models */,
				2A4FDE922BF22D30004826F2 /* Managers */,
				2A4FDE912BF22CC4004826F2 /* Extensions */,
				2A4FDE902BF22CB5004826F2 /* Custom Views */,
				2A4FDE8A2BF22B82004826F2 /* Info.plist */,
			);
			path = Bookie;
			sourceTree = "<group>";
		};
		2A4FDE902BF22CB5004826F2 /* Custom Views */ = {
			isa = PBXGroup;
			children = (
				2A5D7AFF2C04BC990048FB7B /* ImageViews */,
				2A5D7AFA2C04B5A10048FB7B /* Labels */,
				2A4FDE972BF22E4E004826F2 /* BookieTextField.swift */,
				2A4FDE992BF2304A004826F2 /* BookieButton.swift */,
				2ADF27C32C05F05F000AE681 /* BookieBackgroundView.swift */,
				2ADF27C52C060137000AE681 /* ManagementSectionView.swift */,
			);
			path = "Custom Views";
			sourceTree = "<group>";
		};
		2A4FDE912BF22CC4004826F2 /* Extensions */ = {
			isa = PBXGroup;
			children = (
				2A5D7AF22C04B20A0048FB7B /* UIColorExtension.swift */,
			);
			path = Extensions;
			sourceTree = "<group>";
		};
		2A4FDE922BF22D30004826F2 /* Managers */ = {
			isa = PBXGroup;
			children = (
			);
			path = Managers;
			sourceTree = "<group>";
		};
		2A4FDE932BF22D48004826F2 /* Models */ = {
			isa = PBXGroup;
			children = (
			);
			path = Models;
			sourceTree = "<group>";
		};
		2A4FDE942BF22D53004826F2 /* Screens */ = {
			isa = PBXGroup;
			children = (
				2A4FDE802BF22B7F004826F2 /* ViewController.swift */,
				2ADF27BF2C05D01F000AE681 /* HomeViewController.swift */,
				2ADF27C12C05D03F000AE681 /* AccountViewController.swift */,
			);
			path = Screens;
			sourceTree = "<group>";
		};
		2A4FDE952BF22D64004826F2 /* Support Files */ = {
			isa = PBXGroup;
			children = (
				2A4FDE852BF22B82004826F2 /* Assets.xcassets */,
				2A4FDE872BF22B82004826F2 /* LaunchScreen.storyboard */,
				2A4FDE7C2BF22B7F004826F2 /* AppDelegate.swift */,
				2A4FDE7E2BF22B7F004826F2 /* SceneDelegate.swift */,
			);
			path = "Support Files";
			sourceTree = "<group>";
		};
		2A4FDE962BF22D79004826F2 /* Utilities */ = {
			isa = PBXGroup;
			children = (
				2A5D7AF42C04B2630048FB7B /* Constants.swift */,
			);
			path = Utilities;
			sourceTree = "<group>";
		};
		2A5D7AFA2C04B5A10048FB7B /* Labels */ = {
			isa = PBXGroup;
			children = (
				2A5D7AFB2C04B5BB0048FB7B /* BookieTitleLabel.swift */,
			);
			path = Labels;
			sourceTree = "<group>";
		};
		2A5D7AFF2C04BC990048FB7B /* ImageViews */ = {
			isa = PBXGroup;
			children = (
				2A5D7B002C04BCAF0048FB7B /* BookieImageView.swift */,
			);
			path = ImageViews;
			sourceTree = "<group>";
		};
/* End PBXGroup section */

/* Begin PBXNativeTarget section */
		2A4FDE782BF22B7F004826F2 /* Bookie */ = {
			isa = PBXNativeTarget;
			buildConfigurationList = 2A4FDE8D2BF22B82004826F2 /* Build configuration list for PBXNativeTarget "Bookie" */;
			buildPhases = (
				2A4FDE752BF22B7F004826F2 /* Sources */,
				2A4FDE762BF22B7F004826F2 /* Frameworks */,
				2A4FDE772BF22B7F004826F2 /* Resources */,
			);
			buildRules = (
			);
			dependencies = (
			);
			name = Bookie;
			productName = Bookie;
			productReference = 2A4FDE792BF22B7F004826F2 /* Bookie.app */;
			productType = "com.apple.product-type.application";
		};
/* End PBXNativeTarget section */

/* Begin PBXProject section */
		2A4FDE712BF22B7F004826F2 /* Project object */ = {
			isa = PBXProject;
			attributes = {
				BuildIndependentTargetsInParallel = 1;
				LastSwiftUpdateCheck = 1520;
				LastUpgradeCheck = 1520;
				TargetAttributes = {
					2A4FDE782BF22B7F004826F2 = {
						CreatedOnToolsVersion = 15.2;
					};
				};
			};
			buildConfigurationList = 2A4FDE742BF22B7F004826F2 /* Build configuration list for PBXProject "Bookie" */;
			compatibilityVersion = "Xcode 14.0";
			developmentRegion = en;
			hasScannedForEncodings = 0;
			knownRegions = (
				en,
				Base,
			);
			mainGroup = 2A4FDE702BF22B7F004826F2;
			productRefGroup = 2A4FDE7A2BF22B7F004826F2 /* Products */;
			projectDirPath = "";
			projectRoot = "";
			targets = (
				2A4FDE782BF22B7F004826F2 /* Bookie */,
			);
		};
/* End PBXProject section */

/* Begin PBXResourcesBuildPhase section */
		2A4FDE772BF22B7F004826F2 /* Resources */ = {
			isa = PBXResourcesBuildPhase;
			buildActionMask = 2147483647;
			files = (
				2A4FDE892BF22B82004826F2 /* LaunchScreen.storyboard in Resources */,
				2A4FDE862BF22B82004826F2 /* Assets.xcassets in Resources */,
			);
			runOnlyForDeploymentPostprocessing = 0;
		};
/* End PBXResourcesBuildPhase section */

/* Begin PBXSourcesBuildPhase section */
		2A4FDE752BF22B7F004826F2 /* Sources */ = {
			isa = PBXSourcesBuildPhase;
			buildActionMask = 2147483647;
			files = (
				2A5D7B012C04BCAF0048FB7B /* BookieImageView.swift in Sources */,
				2A4FDE9A2BF2304A004826F2 /* BookieButton.swift in Sources */,
				2A4FDE812BF22B7F004826F2 /* ViewController.swift in Sources */,
				2A4FDE7D2BF22B7F004826F2 /* AppDelegate.swift in Sources */,
				2A4FDE982BF22E4E004826F2 /* BookieTextField.swift in Sources */,
				2ADF27C02C05D01F000AE681 /* HomeViewController.swift in Sources */,
				2A5D7AFC2C04B5BB0048FB7B /* BookieTitleLabel.swift in Sources */,
				2A5D7AF52C04B2630048FB7B /* Constants.swift in Sources */,
				2A4FDE7F2BF22B7F004826F2 /* SceneDelegate.swift in Sources */,
				2ADF27C42C05F05F000AE681 /* BookieBackgroundView.swift in Sources */,
				2A5D7AF32C04B20A0048FB7B /* UIColorExtension.swift in Sources */,
				2ADF27C62C060137000AE681 /* ManagementSectionView.swift in Sources */,
				2ADF27C22C05D03F000AE681 /* AccountViewController.swift in Sources */,
			);
			runOnlyForDeploymentPostprocessing = 0;
		};
/* End PBXSourcesBuildPhase section */

/* Begin PBXVariantGroup section */
		2A4FDE872BF22B82004826F2 /* LaunchScreen.storyboard */ = {
			isa = PBXVariantGroup;
			children = (
				2A4FDE882BF22B82004826F2 /* Base */,
			);
			name = LaunchScreen.storyboard;
			sourceTree = "<group>";
		};
/* End PBXVariantGroup section */

/* Begin XCBuildConfiguration section */
		2A4FDE8B2BF22B82004826F2 /* Debug */ = {
			isa = XCBuildConfiguration;
			buildSettings = {
				ALWAYS_SEARCH_USER_PATHS = NO;
				ASSETCATALOG_COMPILER_GENERATE_SWIFT_ASSET_SYMBOL_EXTENSIONS = YES;
				CLANG_ANALYZER_NONNULL = YES;
				CLANG_ANALYZER_NUMBER_OBJECT_CONVERSION = YES_AGGRESSIVE;
				CLANG_CXX_LANGUAGE_STANDARD = "gnu++20";
				CLANG_ENABLE_MODULES = YES;
				CLANG_ENABLE_OBJC_ARC = YES;
				CLANG_ENABLE_OBJC_WEAK = YES;
				CLANG_WARN_BLOCK_CAPTURE_AUTORELEASING = YES;
				CLANG_WARN_BOOL_CONVERSION = YES;
				CLANG_WARN_COMMA = YES;
				CLANG_WARN_CONSTANT_CONVERSION = YES;
				CLANG_WARN_DEPRECATED_OBJC_IMPLEMENTATIONS = YES;
				CLANG_WARN_DIRECT_OBJC_ISA_USAGE = YES_ERROR;
				CLANG_WARN_DOCUMENTATION_COMMENTS = YES;
				CLANG_WARN_EMPTY_BODY = YES;
				CLANG_WARN_ENUM_CONVERSION = YES;
				CLANG_WARN_INFINITE_RECURSION = YES;
				CLANG_WARN_INT_CONVERSION = YES;
				CLANG_WARN_NON_LITERAL_NULL_CONVERSION = YES;
				CLANG_WARN_OBJC_IMPLICIT_RETAIN_SELF = YES;
				CLANG_WARN_OBJC_LITERAL_CONVERSION = YES;
				CLANG_WARN_OBJC_ROOT_CLASS = YES_ERROR;
				CLANG_WARN_QUOTED_INCLUDE_IN_FRAMEWORK_HEADER = YES;
				CLANG_WARN_RANGE_LOOP_ANALYSIS = YES;
				CLANG_WARN_STRICT_PROTOTYPES = YES;
				CLANG_WARN_SUSPICIOUS_MOVE = YES;
				CLANG_WARN_UNGUARDED_AVAILABILITY = YES_AGGRESSIVE;
				CLANG_WARN_UNREACHABLE_CODE = YES;
				CLANG_WARN__DUPLICATE_METHOD_MATCH = YES;
				COPY_PHASE_STRIP = NO;
				DEBUG_INFORMATION_FORMAT = dwarf;
				ENABLE_STRICT_OBJC_MSGSEND = YES;
				ENABLE_TESTABILITY = YES;
				ENABLE_USER_SCRIPT_SANDBOXING = YES;
				GCC_C_LANGUAGE_STANDARD = gnu17;
				GCC_DYNAMIC_NO_PIC = NO;
				GCC_NO_COMMON_BLOCKS = YES;
				GCC_OPTIMIZATION_LEVEL = 0;
				GCC_PREPROCESSOR_DEFINITIONS = (
					"DEBUG=1",
					"$(inherited)",
				);
				GCC_WARN_64_TO_32_BIT_CONVERSION = YES;
				GCC_WARN_ABOUT_RETURN_TYPE = YES_ERROR;
				GCC_WARN_UNDECLARED_SELECTOR = YES;
				GCC_WARN_UNINITIALIZED_AUTOS = YES_AGGRESSIVE;
				GCC_WARN_UNUSED_FUNCTION = YES;
				GCC_WARN_UNUSED_VARIABLE = YES;
				IPHONEOS_DEPLOYMENT_TARGET = 17.2;
				LOCALIZATION_PREFERS_STRING_CATALOGS = YES;
				MTL_ENABLE_DEBUG_INFO = INCLUDE_SOURCE;
				MTL_FAST_MATH = YES;
				ONLY_ACTIVE_ARCH = YES;
				SDKROOT = iphoneos;
				SWIFT_ACTIVE_COMPILATION_CONDITIONS = "DEBUG $(inherited)";
				SWIFT_OPTIMIZATION_LEVEL = "-Onone";
			};
			name = Debug;
		};
		2A4FDE8C2BF22B82004826F2 /* Release */ = {
			isa = XCBuildConfiguration;
			buildSettings = {
				ALWAYS_SEARCH_USER_PATHS = NO;
				ASSETCATALOG_COMPILER_GENERATE_SWIFT_ASSET_SYMBOL_EXTENSIONS = YES;
				CLANG_ANALYZER_NONNULL = YES;
				CLANG_ANALYZER_NUMBER_OBJECT_CONVERSION = YES_AGGRESSIVE;
				CLANG_CXX_LANGUAGE_STANDARD = "gnu++20";
				CLANG_ENABLE_MODULES = YES;
				CLANG_ENABLE_OBJC_ARC = YES;
				CLANG_ENABLE_OBJC_WEAK = YES;
				CLANG_WARN_BLOCK_CAPTURE_AUTORELEASING = YES;
				CLANG_WARN_BOOL_CONVERSION = YES;
				CLANG_WARN_COMMA = YES;
				CLANG_WARN_CONSTANT_CONVERSION = YES;
				CLANG_WARN_DEPRECATED_OBJC_IMPLEMENTATIONS = YES;
				CLANG_WARN_DIRECT_OBJC_ISA_USAGE = YES_ERROR;
				CLANG_WARN_DOCUMENTATION_COMMENTS = YES;
				CLANG_WARN_EMPTY_BODY = YES;
				CLANG_WARN_ENUM_CONVERSION = YES;
				CLANG_WARN_INFINITE_RECURSION = YES;
				CLANG_WARN_INT_CONVERSION = YES;
				CLANG_WARN_NON_LITERAL_NULL_CONVERSION = YES;
				CLANG_WARN_OBJC_IMPLICIT_RETAIN_SELF = YES;
				CLANG_WARN_OBJC_LITERAL_CONVERSION = YES;
				CLANG_WARN_OBJC_ROOT_CLASS = YES_ERROR;
				CLANG_WARN_QUOTED_INCLUDE_IN_FRAMEWORK_HEADER = YES;
				CLANG_WARN_RANGE_LOOP_ANALYSIS = YES;
				CLANG_WARN_STRICT_PROTOTYPES = YES;
				CLANG_WARN_SUSPICIOUS_MOVE = YES;
				CLANG_WARN_UNGUARDED_AVAILABILITY = YES_AGGRESSIVE;
				CLANG_WARN_UNREACHABLE_CODE = YES;
				CLANG_WARN__DUPLICATE_METHOD_MATCH = YES;
				COPY_PHASE_STRIP = NO;
				DEBUG_INFORMATION_FORMAT = "dwarf-with-dsym";
				ENABLE_NS_ASSERTIONS = NO;
				ENABLE_STRICT_OBJC_MSGSEND = YES;
				ENABLE_USER_SCRIPT_SANDBOXING = YES;
				GCC_C_LANGUAGE_STANDARD = gnu17;
				GCC_NO_COMMON_BLOCKS = YES;
				GCC_WARN_64_TO_32_BIT_CONVERSION = YES;
				GCC_WARN_ABOUT_RETURN_TYPE = YES_ERROR;
				GCC_WARN_UNDECLARED_SELECTOR = YES;
				GCC_WARN_UNINITIALIZED_AUTOS = YES_AGGRESSIVE;
				GCC_WARN_UNUSED_FUNCTION = YES;
				GCC_WARN_UNUSED_VARIABLE = YES;
				IPHONEOS_DEPLOYMENT_TARGET = 17.2;
				LOCALIZATION_PREFERS_STRING_CATALOGS = YES;
				MTL_ENABLE_DEBUG_INFO = NO;
				MTL_FAST_MATH = YES;
				SDKROOT = iphoneos;
				SWIFT_COMPILATION_MODE = wholemodule;
				VALIDATE_PRODUCT = YES;
			};
			name = Release;
		};
		2A4FDE8E2BF22B82004826F2 /* Debug */ = {
			isa = XCBuildConfiguration;
			buildSettings = {
				ASSETCATALOG_COMPILER_APPICON_NAME = AppIcon;
				ASSETCATALOG_COMPILER_GLOBAL_ACCENT_COLOR_NAME = AccentColor;
				CODE_SIGN_STYLE = Automatic;
				CURRENT_PROJECT_VERSION = 1;
				DEVELOPMENT_TEAM = JZH3KWR83V;
				GENERATE_INFOPLIST_FILE = YES;
				INFOPLIST_FILE = Bookie/Info.plist;
				INFOPLIST_KEY_UIApplicationSupportsIndirectInputEvents = YES;
				INFOPLIST_KEY_UILaunchStoryboardName = LaunchScreen;
				INFOPLIST_KEY_UISupportedInterfaceOrientations_iPad = "UIInterfaceOrientationPortrait UIInterfaceOrientationPortraitUpsideDown UIInterfaceOrientationLandscapeLeft UIInterfaceOrientationLandscapeRight";
				INFOPLIST_KEY_UISupportedInterfaceOrientations_iPhone = "UIInterfaceOrientationPortrait UIInterfaceOrientationLandscapeLeft UIInterfaceOrientationLandscapeRight";
				LD_RUNPATH_SEARCH_PATHS = (
					"$(inherited)",
					"@executable_path/Frameworks",
				);
				MARKETING_VERSION = 1.0;
				PRODUCT_BUNDLE_IDENTIFIER = com.nathan211.Bookie.Bookie;
				PRODUCT_NAME = "$(TARGET_NAME)";
				SWIFT_EMIT_LOC_STRINGS = YES;
				SWIFT_VERSION = 5.0;
				TARGETED_DEVICE_FAMILY = "1,2";
			};
			name = Debug;
		};
		2A4FDE8F2BF22B82004826F2 /* Release */ = {
			isa = XCBuildConfiguration;
			buildSettings = {
				ASSETCATALOG_COMPILER_APPICON_NAME = AppIcon;
				ASSETCATALOG_COMPILER_GLOBAL_ACCENT_COLOR_NAME = AccentColor;
				CODE_SIGN_STYLE = Automatic;
				CURRENT_PROJECT_VERSION = 1;
				DEVELOPMENT_TEAM = JZH3KWR83V;
				GENERATE_INFOPLIST_FILE = YES;
				INFOPLIST_FILE = Bookie/Info.plist;
				INFOPLIST_KEY_UIApplicationSupportsIndirectInputEvents = YES;
				INFOPLIST_KEY_UILaunchStoryboardName = LaunchScreen;
				INFOPLIST_KEY_UISupportedInterfaceOrientations_iPad = "UIInterfaceOrientationPortrait UIInterfaceOrientationPortraitUpsideDown UIInterfaceOrientationLandscapeLeft UIInterfaceOrientationLandscapeRight";
				INFOPLIST_KEY_UISupportedInterfaceOrientations_iPhone = "UIInterfaceOrientationPortrait UIInterfaceOrientationLandscapeLeft UIInterfaceOrientationLandscapeRight";
				LD_RUNPATH_SEARCH_PATHS = (
					"$(inherited)",
					"@executable_path/Frameworks",
				);
				MARKETING_VERSION = 1.0;
				PRODUCT_BUNDLE_IDENTIFIER = com.nathan211.Bookie.Bookie;
				PRODUCT_NAME = "$(TARGET_NAME)";
				SWIFT_EMIT_LOC_STRINGS = YES;
				SWIFT_VERSION = 5.0;
				TARGETED_DEVICE_FAMILY = "1,2";
			};
			name = Release;
		};
/* End XCBuildConfiguration section */

/* Begin XCConfigurationList section */
		2A4FDE742BF22B7F004826F2 /* Build configuration list for PBXProject "Bookie" */ = {
			isa = XCConfigurationList;
			buildConfigurations = (
				2A4FDE8B2BF22B82004826F2 /* Debug */,
				2A4FDE8C2BF22B82004826F2 /* Release */,
			);
			defaultConfigurationIsVisible = 0;
			defaultConfigurationName = Release;
		};
		2A4FDE8D2BF22B82004826F2 /* Build configuration list for PBXNativeTarget "Bookie" */ = {
			isa = XCConfigurationList;
			buildConfigurations = (
				2A4FDE8E2BF22B82004826F2 /* Debug */,
				2A4FDE8F2BF22B82004826F2 /* Release */,
			);
			defaultConfigurationIsVisible = 0;
			defaultConfigurationName = Release;
		};
/* End XCConfigurationList section */
	};
	rootObject = 2A4FDE712BF22B7F004826F2 /* Project object */;
}
